Microsoft Visual Studio Solution File, Format Version 11.00
# Visual Studio 2008

Project("{9DD42092-7F01-1639-19DA-AAA8984C665C}") = "Rendu-Tracage", "Assembly-CSharp-firstpass.csproj", "{8674DAEB-7B13-AF72-37B9-A20466A213A7}"
EndProject
Project("{9DD42092-7F01-1639-19DA-AAA8984C665C}") = "Rendu-Tracage", "Assembly-CSharp.csproj", "{CE2D9980-C437-7FD1-2A00-6748210B57D7}"
EndProject
Project("{9DD42092-7F01-1639-19DA-AAA8984C665C}") = "Rendu-Tracage", "Assembly-CSharp-Editor.csproj", "{2DF9F857-F64E-E53B-AE69-F07B7E54ED50}"
EndProject
Global
	GlobalSection(SolutionConfigurationPlatforms) = preSolution
		Debug|Any CPU = Debug|Any CPU
		Release|Any CPU = Release|Any CPU
	EndGlobalSection
	GlobalSection(ProjectConfigurationPlatforms) = postSolution
		{8674DAEB-7B13-AF72-37B9-A20466A213A7}.Debug|Any CPU.ActiveCfg = Debug|Any CPU
		{8674DAEB-7B13-AF72-37B9-A20466A213A7}.Debug|Any CPU.Build.0 = Debug|Any CPU
		{8674DAEB-7B13-AF72-37B9-A20466A213A7}.Release|Any CPU.ActiveCfg = Release|Any CPU
		{8674DAEB-7B13-AF72-37B9-A20466A213A7}.Release|Any CPU.Build.0 = Release|Any CPU
		{CE2D9980-C437-7FD1-2A00-6748210B57D7}.Debug|Any CPU.ActiveCfg = Debug|Any CPU
		{CE2D9980-C437-7FD1-2A00-6748210B57D7}.Debug|Any CPU.Build.0 = Debug|Any CPU
		{CE2D9980-C437-7FD1-2A00-6748210B57D7}.Release|Any CPU.ActiveCfg = Release|Any CPU
		{CE2D9980-C437-7FD1-2A00-6748210B57D7}.Release|Any CPU.Build.0 = Release|Any CPU
		{2DF9F857-F64E-E53B-AE69-F07B7E54ED50}.Debug|Any CPU.ActiveCfg = Debug|Any CPU
		{2DF9F857-F64E-E53B-AE69-F07B7E54ED50}.Debug|Any CPU.Build.0 = Debug|Any CPU
		{2DF9F857-F64E-E53B-AE69-F07B7E54ED50}.Release|Any CPU.ActiveCfg = Release|Any CPU
		{2DF9F857-F64E-E53B-AE69-F07B7E54ED50}.Release|Any CPU.Build.0 = Release|Any CPU
	EndGlobalSection
	GlobalSection(SolutionProperties) = preSolution
		HideSolutionNode = FALSE
	EndGlobalSection
	GlobalSection(MonoDevelopProperties) = preSolution
		StartupItem = Assembly-CSharp.csproj
	EndGlobalSection
EndGlobal
