Microsoft Visual Studio Solution File, Format Version 11.00
# Visual Studio 2008

Project("{8EB9FB3A-0917-05EF-07D0-BC4503EDEB84}") = "Voxelisation", "Assembly-CSharp-firstpass.csproj", "{2088EB84-D889-2D69-1905-0CF8DEAB5CEF}"
EndProject
Project("{8EB9FB3A-0917-05EF-07D0-BC4503EDEB84}") = "Voxelisation", "Assembly-CSharp.csproj", "{621C25CD-E1D0-219D-C647-D1C819D86CCD}"
EndProject
Project("{8EB9FB3A-0917-05EF-07D0-BC4503EDEB84}") = "Voxelisation", "Assembly-CSharp-Editor.csproj", "{23716381-EB7D-B53F-051C-88DC2962FFAB}"
EndProject
Global
	GlobalSection(SolutionConfigurationPlatforms) = preSolution
		Debug|Any CPU = Debug|Any CPU
		Release|Any CPU = Release|Any CPU
	EndGlobalSection
	GlobalSection(ProjectConfigurationPlatforms) = postSolution
		{2088EB84-D889-2D69-1905-0CF8DEAB5CEF}.Debug|Any CPU.ActiveCfg = Debug|Any CPU
		{2088EB84-D889-2D69-1905-0CF8DEAB5CEF}.Debug|Any CPU.Build.0 = Debug|Any CPU
		{2088EB84-D889-2D69-1905-0CF8DEAB5CEF}.Release|Any CPU.ActiveCfg = Release|Any CPU
		{2088EB84-D889-2D69-1905-0CF8DEAB5CEF}.Release|Any CPU.Build.0 = Release|Any CPU
		{621C25CD-E1D0-219D-C647-D1C819D86CCD}.Debug|Any CPU.ActiveCfg = Debug|Any CPU
		{621C25CD-E1D0-219D-C647-D1C819D86CCD}.Debug|Any CPU.Build.0 = Debug|Any CPU
		{621C25CD-E1D0-219D-C647-D1C819D86CCD}.Release|Any CPU.ActiveCfg = Release|Any CPU
		{621C25CD-E1D0-219D-C647-D1C819D86CCD}.Release|Any CPU.Build.0 = Release|Any CPU
		{23716381-EB7D-B53F-051C-88DC2962FFAB}.Debug|Any CPU.ActiveCfg = Debug|Any CPU
		{23716381-EB7D-B53F-051C-88DC2962FFAB}.Debug|Any CPU.Build.0 = Debug|Any CPU
		{23716381-EB7D-B53F-051C-88DC2962FFAB}.Release|Any CPU.ActiveCfg = Release|Any CPU
		{23716381-EB7D-B53F-051C-88DC2962FFAB}.Release|Any CPU.Build.0 = Release|Any CPU
	EndGlobalSection
	GlobalSection(SolutionProperties) = preSolution
		HideSolutionNode = FALSE
	EndGlobalSection
	GlobalSection(MonoDevelopProperties) = preSolution
		StartupItem = Assembly-CSharp.csproj
	EndGlobalSection
EndGlobal
